
Microsoft Visual Studio Solution File, Format Version 12.00
# Visual Studio Version 16
VisualStudioVersion = 16.0.31321.278
MinimumVisualStudioVersion = 10.0.40219.1
Project("{9A19103F-16F7-4668-BE54-9A1E7A4F7556}") = "EAD_Project0.Server", "EAD_Project0\Server\EAD_Project0.Server.csproj", "{A0C715CF-D710-49CF-AF01-B089D9361183}"
EndProject
Project("{9A19103F-16F7-4668-BE54-9A1E7A4F7556}") = "EAD_Project0.Client", "EAD_Project0\Client\EAD_Project0.Client.csproj", "{4EB5532C-F0E9-41C4-A457-BE149408F9F1}"
EndProject
Project("{9A19103F-16F7-4668-BE54-9A1E7A4F7556}") = "EAD_Project0.Shared", "EAD_Project0\Shared\EAD_Project0.Shared.csproj", "{4452F235-89F1-4525-881A-3113EC4EA325}"
EndProject
Global
	GlobalSection(SolutionConfigurationPlatforms) = preSolution
		Debug|Any CPU = Debug|Any CPU
		Release|Any CPU = Release|Any CPU
	EndGlobalSection
	GlobalSection(ProjectConfigurationPlatforms) = postSolution
		{A0C715CF-D710-49CF-AF01-B089D9361183}.Debug|Any CPU.ActiveCfg = Debug|Any CPU
		{A0C715CF-D710-49CF-AF01-B089D9361183}.Debug|Any CPU.Build.0 = Debug|Any CPU
		{A0C715CF-D710-49CF-AF01-B089D9361183}.Release|Any CPU.ActiveCfg = Release|Any CPU
		{A0C715CF-D710-49CF-AF01-B089D9361183}.Release|Any CPU.Build.0 = Release|Any CPU
		{4EB5532C-F0E9-41C4-A457-BE149408F9F1}.Debug|Any CPU.ActiveCfg = Debug|Any CPU
		{4EB5532C-F0E9-41C4-A457-BE149408F9F1}.Debug|Any CPU.Build.0 = Debug|Any CPU
		{4EB5532C-F0E9-41C4-A457-BE149408F9F1}.Release|Any CPU.ActiveCfg = Release|Any CPU
		{4EB5532C-F0E9-41C4-A457-BE149408F9F1}.Release|Any CPU.Build.0 = Release|Any CPU
		{4452F235-89F1-4525-881A-3113EC4EA325}.Debug|Any CPU.ActiveCfg = Debug|Any CPU
		{4452F235-89F1-4525-881A-3113EC4EA325}.Debug|Any CPU.Build.0 = Debug|Any CPU
		{4452F235-89F1-4525-881A-3113EC4EA325}.Release|Any CPU.ActiveCfg = Release|Any CPU
		{4452F235-89F1-4525-881A-3113EC4EA325}.Release|Any CPU.Build.0 = Release|Any CPU
	EndGlobalSection
	GlobalSection(SolutionProperties) = preSolution
		HideSolutionNode = FALSE
	EndGlobalSection
	GlobalSection(ExtensibilityGlobals) = postSolution
		SolutionGuid = {19A113D5-6575-475D-B47B-370CEC6A29EE}
	EndGlobalSection
EndGlobal
